
Microsoft Visual Studio Solution File, Format Version 12.00
# Visual Studio Version 17
VisualStudioVersion = 17.0.31919.166
MinimumVisualStudioVersion = 10.0.40219.1
Project("{9A19103F-16F7-4668-BE54-9A1E7A4F7556}") = "TesteIndra", "TesteIndra.csproj", "{A504B75D-BC71-4683-8361-7E90840B085A}"
EndProject
Global
	GlobalSection(SolutionConfigurationPlatforms) = preSolution
		Debug|Any CPU = Debug|Any CPU
		Release|Any CPU = Release|Any CPU
	EndGlobalSection
	GlobalSection(ProjectConfigurationPlatforms) = postSolution
		{A504B75D-BC71-4683-8361-7E90840B085A}.Debug|Any CPU.ActiveCfg = Debug|Any CPU
		{A504B75D-BC71-4683-8361-7E90840B085A}.Debug|Any CPU.Build.0 = Debug|Any CPU
		{A504B75D-BC71-4683-8361-7E90840B085A}.Release|Any CPU.ActiveCfg = Release|Any CPU
		{A504B75D-BC71-4683-8361-7E90840B085A}.Release|Any CPU.Build.0 = Release|Any CPU
	EndGlobalSection
	GlobalSection(SolutionProperties) = preSolution
		HideSolutionNode = FALSE
	EndGlobalSection
	GlobalSection(ExtensibilityGlobals) = postSolution
		SolutionGuid = {143ABAF1-3077-447C-8B3D-E8220C8324A1}
	EndGlobalSection
EndGlobal
